<?xml version="1.0" encoding="utf-8"?>
<Project ToolsVersion="4.0" xmlns="http://schemas.microsoft.com/developer/msbuild/2003">
  <ItemGroup>
    <Filter Include="Core">
      <UniqueIdentifier>{97ebb23b-4b58-4401-84ef-d403780b4789}</UniqueIdentifier>
    </Filter>
    <Filter Include="Scene">
      <UniqueIdentifier>{2f0018c4-8d04-4289-a46b-8ee18f5270a5}</UniqueIdentifier>
    </Filter>
    <Filter Include="GameObject">
      <UniqueIdentifier>{d43ddb14-8b67-4857-ac58-72b53e0af9d0}</UniqueIdentifier>
    </Filter>
    <Filter Include="Script">
      <UniqueIdentifier>{b7642f98-93c3-44b2-9973-ee22d40fa9dc}</UniqueIdentifier>
    </Filter>
    <Filter Include="Imgui">
      <UniqueIdentifier>{9d2843cd-bd43-487a-8e3c-0d2b643fb108}</UniqueIdentifier>
    </Filter>
    <Filter Include="GameObject\Debug">
      <UniqueIdentifier>{aebdffef-a90b-4c47-a1c0-5cf24774cd89}</UniqueIdentifier>
    </Filter>
    <Filter Include="Core\Manager">
      <UniqueIdentifier>{a05c4068-c38b-42ce-bf96-7c2a91a5563d}</UniqueIdentifier>
    </Filter>
    <Filter Include="Core\Math">
      <UniqueIdentifier>{6fb1525f-f96b-4f7a-a875-14e934014ecb}</UniqueIdentifier>
    </Filter>
    <Filter Include="Core\Physics">
      <UniqueIdentifier>{8dacb2a0-43fc-4cb1-b335-e4950fb04f39}</UniqueIdentifier>
    </Filter>
    <Filter Include="Core\System">
      <UniqueIdentifier>{a05dad9b-415f-4005-81c5-40b8bb702308}</UniqueIdentifier>
    </Filter>
    <Filter Include="Core\Graphic">
      <UniqueIdentifier>{650d21e1-685d-4d18-bf8f-139cc1629e5c}</UniqueIdentifier>
    </Filter>
    <Filter Include="Core\Graphic\Model">
      <UniqueIdentifier>{33c48334-fcdf-4cbd-b5e6-b3488b1a6144}</UniqueIdentifier>
    </Filter>
    <Filter Include="Core\Graphic\Polygon">
      <UniqueIdentifier>{fbacaf57-b070-4027-834f-57620594e411}</UniqueIdentifier>
    </Filter>
    <Filter Include="Core\Base">
      <UniqueIdentifier>{cf0f344f-a0eb-4e22-aaf7-e61f991a30b9}</UniqueIdentifier>
    </Filter>
    <Filter Include="Core\Resource">
      <UniqueIdentifier>{04b73bb9-bc03-4c09-948c-7ed63c1b93d5}</UniqueIdentifier>
    </Filter>
  </ItemGroup>
  <ItemGroup>
    <ClInclude Include="Source\Core\AllocateHirerachy.h">
      <Filter>Core\Graphic\Model</Filter>
    </ClInclude>
    <ClInclude Include="Source\Core\Billboard.h">
      <Filter>Core\Graphic\Polygon</Filter>
    </ClInclude>
    <ClInclude Include="Source\Core\BoneFrame.h">
      <Filter>Core\Graphic\Model</Filter>
    </ClInclude>
    <ClInclude Include="Source\Core\Camera.h">
      <Filter>Core\Graphic</Filter>
    </ClInclude>
    <ClInclude Include="Source\Core\Collider.h">
      <Filter>Core\Physics</Filter>
    </ClInclude>
    <ClInclude Include="Source\Core\Collision.h">
      <Filter>Core\Physics</Filter>
    </ClInclude>
    <ClInclude Include="Source\Core\Color.h">
      <Filter>Core\Base</Filter>
    </ClInclude>
    <ClInclude Include="Source\Core\Common.h">
      <Filter>Core</Filter>
    </ClInclude>
    <ClInclude Include="Source\Core\Component.h">
      <Filter>Core\Base</Filter>
    </ClInclude>
    <ClInclude Include="Source\Core\Core.h">
      <Filter>Core</Filter>
    </ClInclude>
    <ClInclude Include="Source\Core\Direct3D.h">
      <Filter>Core\System</Filter>
    </ClInclude>
    <ClInclude Include="Source\Core\Drawable.h">
      <Filter>Core\Graphic</Filter>
    </ClInclude>
    <ClInclude Include="Source\Core\Easing.h">
      <Filter>Core\Math</Filter>
    </ClInclude>
    <ClInclude Include="Source\Core\Event.h">
      <Filter>Core\Base</Filter>
    </ClInclude>
    <ClInclude Include="Source\Core\Game.h">
      <Filter>Core\System</Filter>
    </ClInclude>
    <ClInclude Include="Source\Core\GameManager.h">
      <Filter>Core\Manager</Filter>
    </ClInclude>
    <ClInclude Include="Source\Core\Input.h">
      <Filter>Core\System</Filter>
    </ClInclude>
    <ClInclude Include="Source\Core\Layer.h">
      <Filter>Core\Base</Filter>
    </ClInclude>
    <ClInclude Include="Source\Core\Lerp.h">
      <Filter>Core\Math</Filter>
    </ClInclude>
    <ClInclude Include="Source\Core\Math.h">
      <Filter>Core\Math</Filter>
    </ClInclude>
    <ClInclude Include="Source\Core\Object.h">
      <Filter>Core\Base</Filter>
    </ClInclude>
    <ClInclude Include="Source\Core\ObjectManager.h">
      <Filter>Core\Manager</Filter>
    </ClInclude>
    <ClInclude Include="Source\Core\ObjectType.h">
      <Filter>Core\Base</Filter>
    </ClInclude>
    <ClInclude Include="Source\Core\ParticleSystem.h">
      <Filter>Core\Graphic</Filter>
    </ClInclude>
    <ClInclude Include="Source\Core\PerlinNoise.h">
      <Filter>Core\Math</Filter>
    </ClInclude>
    <ClInclude Include="Source\Core\Physics.h">
      <Filter>Core\Physics</Filter>
    </ClInclude>
    <ClInclude Include="Source\Core\Polygon.h">
      <Filter>Core\Graphic\Polygon</Filter>
    </ClInclude>
    <ClInclude Include="Source\Core\Random.h">
      <Filter>Core\Math</Filter>
    </ClInclude>
    <ClInclude Include="Source\Core\Renderer.h">
      <Filter>Core\Graphic</Filter>
    </ClInclude>
    <ClInclude Include="Source\Core\RendererType.h">
      <Filter>Core\Graphic</Filter>
    </ClInclude>
    <ClInclude Include="Source\Core\RenderSpace.h">
      <Filter>Core\Graphic</Filter>
    </ClInclude>
    <ClInclude Include="Source\Core\RenderTarget.h">
      <Filter>Core\Graphic</Filter>
    </ClInclude>
    <ClInclude Include="Source\Core\Rigidbody.h">
      <Filter>Core\Physics</Filter>
    </ClInclude>
    <ClInclude Include="Source\Core\Scene.h">
      <Filter>Core\Base</Filter>
    </ClInclude>
    <ClInclude Include="Source\Core\Script.h">
      <Filter>Core\Base</Filter>
    </ClInclude>
    <ClInclude Include="Source\Core\Shader.h">
      <Filter>Core\Resource</Filter>
    </ClInclude>
    <ClInclude Include="Source\Core\Singleton.h">
      <Filter>Core\Base</Filter>
    </ClInclude>
    <ClInclude Include="Source\Core\SkinnedModel.h">
      <Filter>Core\Graphic\Model</Filter>
    </ClInclude>
    <ClInclude Include="Source\Core\Sound.h">
      <Filter>Core\System</Filter>
    </ClInclude>
    <ClInclude Include="Source\Core\StaticModel.h">
      <Filter>Core\Graphic\Model</Filter>
    </ClInclude>
    <ClInclude Include="Source\Core\System.h">
      <Filter>Core\System</Filter>
    </ClInclude>
    <ClInclude Include="Source\Core\Texture.h">
      <Filter>Core\Resource</Filter>
    </ClInclude>
    <ClInclude Include="Source\Core\Time.h">
      <Filter>Core\System</Filter>
    </ClInclude>
    <ClInclude Include="Source\Core\Transform.h">
      <Filter>Core\Base</Filter>
    </ClInclude>
    <ClInclude Include="Source\Core\Vector.h">
      <Filter>Core\Base</Filter>
    </ClInclude>
    <ClInclude Include="Source\Core\Window.h">
      <Filter>Core\System</Filter>
    </ClInclude>
    <ClInclude Include="Source\Imgui\imconfig.h">
      <Filter>Imgui</Filter>
    </ClInclude>
    <ClInclude Include="Source\Imgui\imgui.h">
      <Filter>Imgui</Filter>
    </ClInclude>
    <ClInclude Include="Source\Imgui\imgui_internal.h">
      <Filter>Imgui</Filter>
    </ClInclude>
    <ClInclude Include="Source\Imgui\ImGuiImpl.h">
      <Filter>Imgui</Filter>
    </ClInclude>
    <ClInclude Include="Source\CameraPlay.h">
      <Filter>Script</Filter>
    </ClInclude>
    <ClInclude Include="Source\CameraSmooth.h">
      <Filter>Script</Filter>
    </ClInclude>
    <ClInclude Include="Source\CameraSnap.h">
      <Filter>GameObject</Filter>
    </ClInclude>
    <ClInclude Include="Source\DebugManager.h">
      <Filter>GameObject\Debug</Filter>
    </ClInclude>
    <ClInclude Include="Source\DebugMenu.h">
      <Filter>GameObject\Debug</Filter>
    </ClInclude>
    <ClInclude Include="Source\FadeScreen.h">
      <Filter>GameObject</Filter>
    </ClInclude>
    <ClInclude Include="Source\Light.h" />
    <ClInclude Include="Source\MainCamera.h">
      <Filter>GameObject</Filter>
    </ClInclude>
    <ClInclude Include="Source\Player.h">
      <Filter>GameObject</Filter>
    </ClInclude>
    <ClInclude Include="Source\SceneExplorer.h">
      <Filter>Scene</Filter>
    </ClInclude>
    <ClInclude Include="Source\SceneGlobal.h">
      <Filter>Scene</Filter>
    </ClInclude>
    <ClInclude Include="Source\SceneImGuiTest.h">
      <Filter>Scene</Filter>
    </ClInclude>
    <ClInclude Include="Source\SceneTest.h">
      <Filter>Scene</Filter>
    </ClInclude>
    <ClInclude Include="Source\Snapshot.h">
      <Filter>GameObject\Debug</Filter>
    </ClInclude>
    <ClInclude Include="Source\XMLPerser.h">
      <Filter>GameObject</Filter>
    </ClInclude>
    <ClInclude Include="Source\Core\Resource.h">
      <Filter>Core\Resource</Filter>
    </ClInclude>
    <ClInclude Include="Source\Core\ModelData.h">
      <Filter>Core\Resource</Filter>
    </ClInclude>
    <ClInclude Include="Source\SceneYangTest.h">
      <Filter>Scene</Filter>
    </ClInclude>
    <ClInclude Include="Source\SeasonObject.h">
      <Filter>GameObject</Filter>
    </ClInclude>
    <ClInclude Include="Source\SeasonManager.h">
      <Filter>GameObject</Filter>
    </ClInclude>
  </ItemGroup>
  <ItemGroup>
    <ClCompile Include="Source\Core\AllocateHirerachy.cpp">
      <Filter>Core\Graphic\Model</Filter>
    </ClCompile>
    <ClCompile Include="Source\Core\Billboard.cpp">
      <Filter>Core\Graphic\Polygon</Filter>
    </ClCompile>
    <ClCompile Include="Source\Core\BoneFrame.cpp">
      <Filter>Core\Graphic\Model</Filter>
    </ClCompile>
    <ClCompile Include="Source\Core\Camera.cpp">
      <Filter>Core\Graphic</Filter>
    </ClCompile>
    <ClCompile Include="Source\Core\Collider.cpp">
      <Filter>Core\Physics</Filter>
    </ClCompile>
    <ClCompile Include="Source\Core\Collision.cpp">
      <Filter>Core\Physics</Filter>
    </ClCompile>
    <ClCompile Include="Source\Core\Color.cpp">
      <Filter>Core\Base</Filter>
    </ClCompile>
    <ClCompile Include="Source\Core\Common.cpp">
      <Filter>Core</Filter>
    </ClCompile>
    <ClCompile Include="Source\Core\Component.cpp">
      <Filter>Core\Base</Filter>
    </ClCompile>
    <ClCompile Include="Source\Core\Direct3D.cpp">
      <Filter>Core\System</Filter>
    </ClCompile>
    <ClCompile Include="Source\Core\Drawable.cpp">
      <Filter>Core\Graphic</Filter>
    </ClCompile>
    <ClCompile Include="Source\Core\Easing.cpp">
      <Filter>Core\Math</Filter>
    </ClCompile>
    <ClCompile Include="Source\Core\Event.cpp">
      <Filter>Core\Base</Filter>
    </ClCompile>
    <ClCompile Include="Source\Core\Game.cpp">
      <Filter>Core\System</Filter>
    </ClCompile>
    <ClCompile Include="Source\Core\GameManager.cpp">
      <Filter>Core\Manager</Filter>
    </ClCompile>
    <ClCompile Include="Source\Core\Input.cpp">
      <Filter>Core\System</Filter>
    </ClCompile>
    <ClCompile Include="Source\Core\Lerp.cpp">
      <Filter>Core\Math</Filter>
    </ClCompile>
    <ClCompile Include="Source\Core\Object.cpp">
      <Filter>Core\Base</Filter>
    </ClCompile>
    <ClCompile Include="Source\Core\ObjectManager.cpp">
      <Filter>Core\Manager</Filter>
    </ClCompile>
    <ClCompile Include="Source\Core\ParticleSystem.cpp">
      <Filter>Core\Graphic</Filter>
    </ClCompile>
    <ClCompile Include="Source\Core\PerlinNoise.cpp">
      <Filter>Core\Math</Filter>
    </ClCompile>
    <ClCompile Include="Source\Core\Physics.cpp">
      <Filter>Core\Physics</Filter>
    </ClCompile>
    <ClCompile Include="Source\Core\Polygon.cpp">
      <Filter>Core\Graphic\Polygon</Filter>
    </ClCompile>
    <ClCompile Include="Source\Core\Random.cpp">
      <Filter>Core\Math</Filter>
    </ClCompile>
    <ClCompile Include="Source\Core\Renderer.cpp">
      <Filter>Core\Graphic</Filter>
    </ClCompile>
    <ClCompile Include="Source\Core\RenderSpace.cpp">
      <Filter>Core\Graphic</Filter>
    </ClCompile>
    <ClCompile Include="Source\Core\RenderTarget.cpp">
      <Filter>Core\Graphic</Filter>
    </ClCompile>
    <ClCompile Include="Source\Core\Rigidbody.cpp">
      <Filter>Core\Physics</Filter>
    </ClCompile>
    <ClCompile Include="Source\Core\Scene.cpp">
      <Filter>Core\Base</Filter>
    </ClCompile>
    <ClCompile Include="Source\Core\Script.cpp">
      <Filter>Core\Base</Filter>
    </ClCompile>
    <ClCompile Include="Source\Core\Shader.cpp">
      <Filter>Core\Resource</Filter>
    </ClCompile>
    <ClCompile Include="Source\Core\SkinnedModel.cpp">
      <Filter>Core\Graphic\Model</Filter>
    </ClCompile>
    <ClCompile Include="Source\Core\Sound.cpp">
      <Filter>Core\System</Filter>
    </ClCompile>
    <ClCompile Include="Source\Core\StaticModel.cpp">
      <Filter>Core\Graphic\Model</Filter>
    </ClCompile>
    <ClCompile Include="Source\Core\System.cpp">
      <Filter>Core\System</Filter>
    </ClCompile>
    <ClCompile Include="Source\Core\Texture.cpp">
      <Filter>Core\Resource</Filter>
    </ClCompile>
    <ClCompile Include="Source\Core\Time.cpp">
      <Filter>Core\System</Filter>
    </ClCompile>
    <ClCompile Include="Source\Core\Transform.cpp">
      <Filter>Core\Base</Filter>
    </ClCompile>
    <ClCompile Include="Source\Core\Vector.cpp">
      <Filter>Core\Base</Filter>
    </ClCompile>
    <ClCompile Include="Source\Core\Window.cpp">
      <Filter>Core\System</Filter>
    </ClCompile>
    <ClCompile Include="Source\Imgui\imgui.cpp">
      <Filter>Imgui</Filter>
    </ClCompile>
    <ClCompile Include="Source\Imgui\imgui_demo.cpp">
      <Filter>Imgui</Filter>
    </ClCompile>
    <ClCompile Include="Source\Imgui\imgui_draw.cpp">
      <Filter>Imgui</Filter>
    </ClCompile>
    <ClCompile Include="Source\Imgui\ImGuiImpl.cpp">
      <Filter>Imgui</Filter>
    </ClCompile>
    <ClCompile Include="Source\CameraPlay.cpp">
      <Filter>Script</Filter>
    </ClCompile>
    <ClCompile Include="Source\CameraSmooth.cpp">
      <Filter>Script</Filter>
    </ClCompile>
    <ClCompile Include="Source\CameraSnap.cpp">
      <Filter>GameObject</Filter>
    </ClCompile>
    <ClCompile Include="Source\DebugManager.cpp">
      <Filter>GameObject\Debug</Filter>
    </ClCompile>
    <ClCompile Include="Source\DebugMenu.cpp">
      <Filter>GameObject\Debug</Filter>
    </ClCompile>
    <ClCompile Include="Source\FadeScreen.cpp">
      <Filter>GameObject</Filter>
    </ClCompile>
    <ClCompile Include="Source\Light.cpp" />
    <ClCompile Include="Source\main.cpp" />
    <ClCompile Include="Source\MainCamera.cpp">
      <Filter>GameObject</Filter>
    </ClCompile>
    <ClCompile Include="Source\Player.cpp">
      <Filter>GameObject</Filter>
    </ClCompile>
    <ClCompile Include="Source\SceneExplorer.cpp">
      <Filter>Scene</Filter>
    </ClCompile>
    <ClCompile Include="Source\SceneGlobal.cpp">
      <Filter>Scene</Filter>
    </ClCompile>
    <ClCompile Include="Source\SceneImGuiTest.cpp">
      <Filter>Scene</Filter>
    </ClCompile>
    <ClCompile Include="Source\SceneTest.cpp">
      <Filter>Scene</Filter>
    </ClCompile>
    <ClCompile Include="Source\Snapshot.cpp">
      <Filter>GameObject\Debug</Filter>
    </ClCompile>
    <ClCompile Include="Source\XMLPerser.cpp">
      <Filter>GameObject</Filter>
    </ClCompile>
    <ClCompile Include="Source\Core\ModelData.cpp">
      <Filter>Core\Resource</Filter>
    </ClCompile>
    <ClCompile Include="Source\SceneYangTest.cpp">
      <Filter>Scene</Filter>
    </ClCompile>
    <ClCompile Include="Source\SeasonManager.cpp">
      <Filter>GameObject</Filter>
    </ClCompile>
    <ClCompile Include="Source\SeasonObject.cpp" />
  </ItemGroup>
</Project>