<?xml version="1.0" encoding="utf-8"?>
<Project ToolsVersion="4.0" xmlns="http://schemas.microsoft.com/developer/msbuild/2003">
  <ItemGroup>
    <Filter Include="Core">
      <UniqueIdentifier>{97ebb23b-4b58-4401-84ef-d403780b4789}</UniqueIdentifier>
    </Filter>
    <Filter Include="Scene">
      <UniqueIdentifier>{2f0018c4-8d04-4289-a46b-8ee18f5270a5}</UniqueIdentifier>
    </Filter>
    <Filter Include="GameObject">
      <UniqueIdentifier>{d43ddb14-8b67-4857-ac58-72b53e0af9d0}</UniqueIdentifier>
    </Filter>
    <Filter Include="Script">
      <UniqueIdentifier>{b7642f98-93c3-44b2-9973-ee22d40fa9dc}</UniqueIdentifier>
    </Filter>
    <Filter Include="Imgui">
      <UniqueIdentifier>{9d2843cd-bd43-487a-8e3c-0d2b643fb108}</UniqueIdentifier>
    </Filter>
    <Filter Include="GameObject\Debug">
      <UniqueIdentifier>{aebdffef-a90b-4c47-a1c0-5cf24774cd89}</UniqueIdentifier>
    </Filter>
  </ItemGroup>
  <ItemGroup>
    <ClInclude Include="Core\System.h">
      <Filter>Core</Filter>
    </ClInclude>
    <ClInclude Include="Core\Texture.h">
      <Filter>Core</Filter>
    </ClInclude>
    <ClInclude Include="Core\Time.h">
      <Filter>Core</Filter>
    </ClInclude>
    <ClInclude Include="Core\Transform.h">
      <Filter>Core</Filter>
    </ClInclude>
    <ClInclude Include="Core\Vector.h">
      <Filter>Core</Filter>
    </ClInclude>
    <ClInclude Include="Core\Window.h">
      <Filter>Core</Filter>
    </ClInclude>
    <ClInclude Include="Core\AllocateHirerachy.h">
      <Filter>Core</Filter>
    </ClInclude>
    <ClInclude Include="Core\Billboard.h">
      <Filter>Core</Filter>
    </ClInclude>
    <ClInclude Include="Core\BoneFrame.h">
      <Filter>Core</Filter>
    </ClInclude>
    <ClInclude Include="Core\Camera.h">
      <Filter>Core</Filter>
    </ClInclude>
    <ClInclude Include="Core\Collider.h">
      <Filter>Core</Filter>
    </ClInclude>
    <ClInclude Include="Core\Collision.h">
      <Filter>Core</Filter>
    </ClInclude>
    <ClInclude Include="Core\Color.h">
      <Filter>Core</Filter>
    </ClInclude>
    <ClInclude Include="Core\Common.h">
      <Filter>Core</Filter>
    </ClInclude>
    <ClInclude Include="Core\Component.h">
      <Filter>Core</Filter>
    </ClInclude>
    <ClInclude Include="Core\Core.h">
      <Filter>Core</Filter>
    </ClInclude>
    <ClInclude Include="Core\Direct3D.h">
      <Filter>Core</Filter>
    </ClInclude>
    <ClInclude Include="Core\Drawable.h">
      <Filter>Core</Filter>
    </ClInclude>
    <ClInclude Include="Core\Easing.h">
      <Filter>Core</Filter>
    </ClInclude>
    <ClInclude Include="Core\Event.h">
      <Filter>Core</Filter>
    </ClInclude>
    <ClInclude Include="Core\Game.h">
      <Filter>Core</Filter>
    </ClInclude>
    <ClInclude Include="Core\GameManager.h">
      <Filter>Core</Filter>
    </ClInclude>
    <ClInclude Include="Core\Input.h">
      <Filter>Core</Filter>
    </ClInclude>
    <ClInclude Include="Core\Layer.h">
      <Filter>Core</Filter>
    </ClInclude>
    <ClInclude Include="Core\Lerp.h">
      <Filter>Core</Filter>
    </ClInclude>
    <ClInclude Include="Core\Math.h">
      <Filter>Core</Filter>
    </ClInclude>
    <ClInclude Include="Core\Object.h">
      <Filter>Core</Filter>
    </ClInclude>
    <ClInclude Include="Core\ObjectManager.h">
      <Filter>Core</Filter>
    </ClInclude>
    <ClInclude Include="Core\ObjectType.h">
      <Filter>Core</Filter>
    </ClInclude>
    <ClInclude Include="Core\ParticleSystem.h">
      <Filter>Core</Filter>
    </ClInclude>
    <ClInclude Include="Core\PerlinNoise.h">
      <Filter>Core</Filter>
    </ClInclude>
    <ClInclude Include="Core\Physics.h">
      <Filter>Core</Filter>
    </ClInclude>
    <ClInclude Include="Core\Polygon.h">
      <Filter>Core</Filter>
    </ClInclude>
    <ClInclude Include="Core\Random.h">
      <Filter>Core</Filter>
    </ClInclude>
    <ClInclude Include="Core\Renderer.h">
      <Filter>Core</Filter>
    </ClInclude>
    <ClInclude Include="Core\RendererType.h">
      <Filter>Core</Filter>
    </ClInclude>
    <ClInclude Include="Core\RenderSpace.h">
      <Filter>Core</Filter>
    </ClInclude>
    <ClInclude Include="Core\RenderTarget.h">
      <Filter>Core</Filter>
    </ClInclude>
    <ClInclude Include="Core\Rigidbody.h">
      <Filter>Core</Filter>
    </ClInclude>
    <ClInclude Include="Core\Scene.h">
      <Filter>Core</Filter>
    </ClInclude>
    <ClInclude Include="Core\Script.h">
      <Filter>Core</Filter>
    </ClInclude>
    <ClInclude Include="Core\Shader.h">
      <Filter>Core</Filter>
    </ClInclude>
    <ClInclude Include="Core\Singleton.h">
      <Filter>Core</Filter>
    </ClInclude>
    <ClInclude Include="Core\SkinnedModel.h">
      <Filter>Core</Filter>
    </ClInclude>
    <ClInclude Include="Core\Sound.h">
      <Filter>Core</Filter>
    </ClInclude>
    <ClInclude Include="Core\StaticModel.h">
      <Filter>Core</Filter>
    </ClInclude>
    <ClInclude Include="SceneGlobal.h">
      <Filter>Scene</Filter>
    </ClInclude>
    <ClInclude Include="SceneTest.h">
      <Filter>Scene</Filter>
    </ClInclude>
    <ClInclude Include="FadeScreen.h">
      <Filter>GameObject</Filter>
    </ClInclude>
    <ClInclude Include="MainCamera.h">
      <Filter>GameObject</Filter>
    </ClInclude>
    <ClInclude Include="Player.h">
      <Filter>GameObject</Filter>
    </ClInclude>
    <ClInclude Include="Light.h" />
    <ClInclude Include="CameraSmooth.h">
      <Filter>Script</Filter>
    </ClInclude>
    <ClInclude Include="CameraPlay.h">
      <Filter>Script</Filter>
    </ClInclude>
    <ClInclude Include="Imgui\imgui_internal.h">
      <Filter>Imgui</Filter>
    </ClInclude>
    <ClInclude Include="Imgui\imconfig.h">
      <Filter>Imgui</Filter>
    </ClInclude>
    <ClInclude Include="Imgui\imgui.h">
      <Filter>Imgui</Filter>
    </ClInclude>
    <ClInclude Include="Imgui\ImGuiImpl.h">
      <Filter>Imgui</Filter>
    </ClInclude>
    <ClInclude Include="SceneImGuiTest.h">
      <Filter>Scene</Filter>
    </ClInclude>
    <ClInclude Include="XMLPerser.h">
      <Filter>GameObject</Filter>
    </ClInclude>
    <ClInclude Include="SceneExplorer.h">
      <Filter>Scene</Filter>
    </ClInclude>
    <ClInclude Include="CameraSnap.h">
      <Filter>GameObject</Filter>
    </ClInclude>
    <ClInclude Include="DebugMenu.h">
      <Filter>GameObject\Debug</Filter>
    </ClInclude>
    <ClInclude Include="DebugManager.h">
      <Filter>GameObject\Debug</Filter>
    </ClInclude>
    <ClInclude Include="Snapshot.h">
      <Filter>GameObject\Debug</Filter>
    </ClInclude>
  </ItemGroup>
  <ItemGroup>
    <ClCompile Include="Core\Texture.cpp">
      <Filter>Core</Filter>
    </ClCompile>
    <ClCompile Include="Core\Time.cpp">
      <Filter>Core</Filter>
    </ClCompile>
    <ClCompile Include="Core\Transform.cpp">
      <Filter>Core</Filter>
    </ClCompile>
    <ClCompile Include="Core\Vector.cpp">
      <Filter>Core</Filter>
    </ClCompile>
    <ClCompile Include="Core\Window.cpp">
      <Filter>Core</Filter>
    </ClCompile>
    <ClCompile Include="Core\AllocateHirerachy.cpp">
      <Filter>Core</Filter>
    </ClCompile>
    <ClCompile Include="Core\Billboard.cpp">
      <Filter>Core</Filter>
    </ClCompile>
    <ClCompile Include="Core\BoneFrame.cpp">
      <Filter>Core</Filter>
    </ClCompile>
    <ClCompile Include="Core\Camera.cpp">
      <Filter>Core</Filter>
    </ClCompile>
    <ClCompile Include="Core\Collider.cpp">
      <Filter>Core</Filter>
    </ClCompile>
    <ClCompile Include="Core\Collision.cpp">
      <Filter>Core</Filter>
    </ClCompile>
    <ClCompile Include="Core\Color.cpp">
      <Filter>Core</Filter>
    </ClCompile>
    <ClCompile Include="Core\Common.cpp">
      <Filter>Core</Filter>
    </ClCompile>
    <ClCompile Include="Core\Component.cpp">
      <Filter>Core</Filter>
    </ClCompile>
    <ClCompile Include="Core\Direct3D.cpp">
      <Filter>Core</Filter>
    </ClCompile>
    <ClCompile Include="Core\Drawable.cpp">
      <Filter>Core</Filter>
    </ClCompile>
    <ClCompile Include="Core\Easing.cpp">
      <Filter>Core</Filter>
    </ClCompile>
    <ClCompile Include="Core\Event.cpp">
      <Filter>Core</Filter>
    </ClCompile>
    <ClCompile Include="Core\Game.cpp">
      <Filter>Core</Filter>
    </ClCompile>
    <ClCompile Include="Core\GameManager.cpp">
      <Filter>Core</Filter>
    </ClCompile>
    <ClCompile Include="Core\Input.cpp">
      <Filter>Core</Filter>
    </ClCompile>
    <ClCompile Include="Core\Lerp.cpp">
      <Filter>Core</Filter>
    </ClCompile>
    <ClCompile Include="Core\Object.cpp">
      <Filter>Core</Filter>
    </ClCompile>
    <ClCompile Include="Core\ObjectManager.cpp">
      <Filter>Core</Filter>
    </ClCompile>
    <ClCompile Include="Core\ParticleSystem.cpp">
      <Filter>Core</Filter>
    </ClCompile>
    <ClCompile Include="Core\PerlinNoise.cpp">
      <Filter>Core</Filter>
    </ClCompile>
    <ClCompile Include="Core\Physics.cpp">
      <Filter>Core</Filter>
    </ClCompile>
    <ClCompile Include="Core\Polygon.cpp">
      <Filter>Core</Filter>
    </ClCompile>
    <ClCompile Include="Core\Random.cpp">
      <Filter>Core</Filter>
    </ClCompile>
    <ClCompile Include="Core\Renderer.cpp">
      <Filter>Core</Filter>
    </ClCompile>
    <ClCompile Include="Core\RenderSpace.cpp">
      <Filter>Core</Filter>
    </ClCompile>
    <ClCompile Include="Core\RenderTarget.cpp">
      <Filter>Core</Filter>
    </ClCompile>
    <ClCompile Include="Core\Rigidbody.cpp">
      <Filter>Core</Filter>
    </ClCompile>
    <ClCompile Include="Core\Scene.cpp">
      <Filter>Core</Filter>
    </ClCompile>
    <ClCompile Include="Core\Script.cpp">
      <Filter>Core</Filter>
    </ClCompile>
    <ClCompile Include="Core\Shader.cpp">
      <Filter>Core</Filter>
    </ClCompile>
    <ClCompile Include="Core\SkinnedModel.cpp">
      <Filter>Core</Filter>
    </ClCompile>
    <ClCompile Include="Core\Sound.cpp">
      <Filter>Core</Filter>
    </ClCompile>
    <ClCompile Include="Core\StaticModel.cpp">
      <Filter>Core</Filter>
    </ClCompile>
    <ClCompile Include="Core\System.cpp">
      <Filter>Core</Filter>
    </ClCompile>
    <ClCompile Include="SceneTest.cpp">
      <Filter>Scene</Filter>
    </ClCompile>
    <ClCompile Include="SceneGlobal.cpp">
      <Filter>Scene</Filter>
    </ClCompile>
    <ClCompile Include="main.cpp" />
    <ClCompile Include="FadeScreen.cpp">
      <Filter>GameObject</Filter>
    </ClCompile>
    <ClCompile Include="MainCamera.cpp">
      <Filter>GameObject</Filter>
    </ClCompile>
    <ClCompile Include="Player.cpp">
      <Filter>GameObject</Filter>
    </ClCompile>
    <ClCompile Include="Light.cpp" />
    <ClCompile Include="CameraSmooth.cpp">
      <Filter>Script</Filter>
    </ClCompile>
    <ClCompile Include="CameraPlay.cpp">
      <Filter>Script</Filter>
    </ClCompile>
    <ClCompile Include="Imgui\imgui_draw.cpp">
      <Filter>Imgui</Filter>
    </ClCompile>
    <ClCompile Include="Imgui\imgui.cpp">
      <Filter>Imgui</Filter>
    </ClCompile>
    <ClCompile Include="Imgui\imgui_demo.cpp">
      <Filter>Imgui</Filter>
    </ClCompile>
    <ClCompile Include="Imgui\ImGuiImpl.cpp">
      <Filter>Imgui</Filter>
    </ClCompile>
    <ClCompile Include="SceneImGuiTest.cpp">
      <Filter>Scene</Filter>
    </ClCompile>
    <ClCompile Include="XMLPerser.cpp">
      <Filter>GameObject</Filter>
    </ClCompile>
    <ClCompile Include="CameraSnap.cpp">
      <Filter>GameObject</Filter>
    </ClCompile>
    <ClCompile Include="SceneExplorer.cpp">
      <Filter>Scene</Filter>
    </ClCompile>
    <ClCompile Include="DebugMenu.cpp">
      <Filter>GameObject\Debug</Filter>
    </ClCompile>
    <ClCompile Include="DebugManager.cpp">
      <Filter>GameObject\Debug</Filter>
    </ClCompile>
    <ClCompile Include="Snapshot.cpp">
      <Filter>GameObject\Debug</Filter>
    </ClCompile>
  </ItemGroup>
</Project>